
Microsoft Visual Studio Solution File, Format Version 12.00
# Visual Studio Version 17
VisualStudioVersion = 17.3.32929.385
MinimumVisualStudioVersion = 10.0.40219.1
Project("{FAE04EC0-301F-11D3-BF4B-00C04F79EFBC}") = "lab1", "lab1.csproj", "{40C0D3B5-6117-4867-A55B-39FE16CE008A}"
EndProject
Global
	GlobalSection(SolutionConfigurationPlatforms) = preSolution
		Debug|Any CPU = Debug|Any CPU
		Release|Any CPU = Release|Any CPU
	EndGlobalSection
	GlobalSection(ProjectConfigurationPlatforms) = postSolution
		{40C0D3B5-6117-4867-A55B-39FE16CE008A}.Debug|Any CPU.ActiveCfg = Debug|Any CPU
		{40C0D3B5-6117-4867-A55B-39FE16CE008A}.Debug|Any CPU.Build.0 = Debug|Any CPU
		{40C0D3B5-6117-4867-A55B-39FE16CE008A}.Release|Any CPU.ActiveCfg = Release|Any CPU
		{40C0D3B5-6117-4867-A55B-39FE16CE008A}.Release|Any CPU.Build.0 = Release|Any CPU
	EndGlobalSection
	GlobalSection(SolutionProperties) = preSolution
		HideSolutionNode = FALSE
	EndGlobalSection
	GlobalSection(ExtensibilityGlobals) = postSolution
		SolutionGuid = {1531988A-AEEF-43E6-9874-3E089948CC88}
	EndGlobalSection
EndGlobal
